// !$*UTF8*$!
{
	archiveVersion = 1;
	classes = {
	};
	objectVersion = 55;
	objects = {

/* Begin PBXBuildFile section */
		3ED97C5A27B5096700A49FE0 /* AppDelegate.swift in Sources */ = {isa = PBXBuildFile; fileRef = 3ED97C5927B5096700A49FE0 /* AppDelegate.swift */; };
		3ED97C5C27B5096700A49FE0 /* SceneDelegate.swift in Sources */ = {isa = PBXBuildFile; fileRef = 3ED97C5B27B5096700A49FE0 /* SceneDelegate.swift */; };
		3ED97C5E27B5096700A49FE0 /* ViewController.swift in Sources */ = {isa = PBXBuildFile; fileRef = 3ED97C5D27B5096700A49FE0 /* ViewController.swift */; };
		3ED97C6127B5096700A49FE0 /* Main.storyboard in Resources */ = {isa = PBXBuildFile; fileRef = 3ED97C5F27B5096700A49FE0 /* Main.storyboard */; };
		3ED97C6327B5096800A49FE0 /* Assets.xcassets in Resources */ = {isa = PBXBuildFile; fileRef = 3ED97C6227B5096800A49FE0 /* Assets.xcassets */; };
		3ED97C6627B5096800A49FE0 /* LaunchScreen.storyboard in Resources */ = {isa = PBXBuildFile; fileRef = 3ED97C6427B5096800A49FE0 /* LaunchScreen.storyboard */; };
		3ED97C7127B5096900A49FE0 /* Pokemon_DemoTests.swift in Sources */ = {isa = PBXBuildFile; fileRef = 3ED97C7027B5096900A49FE0 /* Pokemon_DemoTests.swift */; };
		3ED97C7B27B5096900A49FE0 /* Pokemon_DemoUITests.swift in Sources */ = {isa = PBXBuildFile; fileRef = 3ED97C7A27B5096900A49FE0 /* Pokemon_DemoUITests.swift */; };
		3ED97C7D27B5096900A49FE0 /* Pokemon_DemoUITestsLaunchTests.swift in Sources */ = {isa = PBXBuildFile; fileRef = 3ED97C7C27B5096900A49FE0 /* Pokemon_DemoUITestsLaunchTests.swift */; };
/* End PBXBuildFile section */

/* Begin PBXContainerItemProxy section */
		3ED97C6D27B5096900A49FE0 /* PBXContainerItemProxy */ = {
			isa = PBXContainerItemProxy;
			containerPortal = 3ED97C4E27B5096700A49FE0 /* Project object */;
			proxyType = 1;
			remoteGlobalIDString = 3ED97C5527B5096700A49FE0;
			remoteInfo = "Pokemon Demo";
		};
		3ED97C7727B5096900A49FE0 /* PBXContainerItemProxy */ = {
			isa = PBXContainerItemProxy;
			containerPortal = 3ED97C4E27B5096700A49FE0 /* Project object */;
			proxyType = 1;
			remoteGlobalIDString = 3ED97C5527B5096700A49FE0;
			remoteInfo = "Pokemon Demo";
		};
/* End PBXContainerItemProxy section */

/* Begin PBXFileReference section */
		3ED97C5627B5096700A49FE0 /* Pokemon Demo.app */ = {isa = PBXFileReference; explicitFileType = wrapper.application; includeInIndex = 0; path = "Pokemon Demo.app"; sourceTree = BUILT_PRODUCTS_DIR; };
		3ED97C5927B5096700A49FE0 /* AppDelegate.swift */ = {isa = PBXFileReference; lastKnownFileType = sourcecode.swift; path = AppDelegate.swift; sourceTree = "<group>"; };
		3ED97C5B27B5096700A49FE0 /* SceneDelegate.swift */ = {isa = PBXFileReference; lastKnownFileType = sourcecode.swift; path = SceneDelegate.swift; sourceTree = "<group>"; };
		3ED97C5D27B5096700A49FE0 /* ViewController.swift */ = {isa = PBXFileReference; lastKnownFileType = sourcecode.swift; path = ViewController.swift; sourceTree = "<group>"; };
		3ED97C6027B5096700A49FE0 /* Base */ = {isa = PBXFileReference; lastKnownFileType = file.storyboard; name = Base; path = Base.lproj/Main.storyboard; sourceTree = "<group>"; };
		3ED97C6227B5096800A49FE0 /* Assets.xcassets */ = {isa = PBXFileReference; lastKnownFileType = folder.assetcatalog; path = Assets.xcassets; sourceTree = "<group>"; };
		3ED97C6527B5096800A49FE0 /* Base */ = {isa = PBXFileReference; lastKnownFileType = file.storyboard; name = Base; path = Base.lproj/LaunchScreen.storyboard; sourceTree = "<group>"; };
		3ED97C6727B5096900A49FE0 /* Info.plist */ = {isa = PBXFileReference; lastKnownFileType = text.plist.xml; path = Info.plist; sourceTree = "<group>"; };
		3ED97C6C27B5096900A49FE0 /* Pokemon DemoTests.xctest */ = {isa = PBXFileReference; explicitFileType = wrapper.cfbundle; includeInIndex = 0; path = "Pokemon DemoTests.xctest"; sourceTree = BUILT_PRODUCTS_DIR; };
		3ED97C7027B5096900A49FE0 /* Pokemon_DemoTests.swift */ = {isa = PBXFileReference; lastKnownFileType = sourcecode.swift; path = Pokemon_DemoTests.swift; sourceTree = "<group>"; };
		3ED97C7627B5096900A49FE0 /* Pokemon DemoUITests.xctest */ = {isa = PBXFileReference; explicitFileType = wrapper.cfbundle; includeInIndex = 0; path = "Pokemon DemoUITests.xctest"; sourceTree = BUILT_PRODUCTS_DIR; };
		3ED97C7A27B5096900A49FE0 /* Pokemon_DemoUITests.swift */ = {isa = PBXFileReference; lastKnownFileType = sourcecode.swift; path = Pokemon_DemoUITests.swift; sourceTree = "<group>"; };
		3ED97C7C27B5096900A49FE0 /* Pokemon_DemoUITestsLaunchTests.swift */ = {isa = PBXFileReference; lastKnownFileType = sourcecode.swift; path = Pokemon_DemoUITestsLaunchTests.swift; sourceTree = "<group>"; };
/* End PBXFileReference section */

/* Begin PBXFrameworksBuildPhase section */
		3ED97C5327B5096700A49FE0 /* Frameworks */ = {
			isa = PBXFrameworksBuildPhase;
			buildActionMask = 2147483647;
			files = (
			);
			runOnlyForDeploymentPostprocessing = 0;
		};
		3ED97C6927B5096900A49FE0 /* Frameworks */ = {
			isa = PBXFrameworksBuildPhase;
			buildActionMask = 2147483647;
			files = (
			);
			runOnlyForDeploymentPostprocessing = 0;
		};
		3ED97C7327B5096900A49FE0 /* Frameworks */ = {
			isa = PBXFrameworksBuildPhase;
			buildActionMask = 2147483647;
			files = (
			);
			runOnlyForDeploymentPostprocessing = 0;
		};
/* End PBXFrameworksBuildPhase section */

/* Begin PBXGroup section */
		3ED97C4D27B5096700A49FE0 = {
			isa = PBXGroup;
			children = (
				3ED97C5827B5096700A49FE0 /* Pokemon Demo */,
				3ED97C6F27B5096900A49FE0 /* Pokemon DemoTests */,
				3ED97C7927B5096900A49FE0 /* Pokemon DemoUITests */,
				3ED97C5727B5096700A49FE0 /* Products */,
			);
			sourceTree = "<group>";
		};
		3ED97C5727B5096700A49FE0 /* Products */ = {
			isa = PBXGroup;
			children = (
				3ED97C5627B5096700A49FE0 /* Pokemon Demo.app */,
				3ED97C6C27B5096900A49FE0 /* Pokemon DemoTests.xctest */,
				3ED97C7627B5096900A49FE0 /* Pokemon DemoUITests.xctest */,
			);
			name = Products;
			sourceTree = "<group>";
		};
		3ED97C5827B5096700A49FE0 /* Pokemon Demo */ = {
			isa = PBXGroup;
			children = (
				3ED97C5927B5096700A49FE0 /* AppDelegate.swift */,
				3ED97C5B27B5096700A49FE0 /* SceneDelegate.swift */,
				3ED97C5D27B5096700A49FE0 /* ViewController.swift */,
				3ED97C5F27B5096700A49FE0 /* Main.storyboard */,
				3ED97C6227B5096800A49FE0 /* Assets.xcassets */,
				3ED97C6427B5096800A49FE0 /* LaunchScreen.storyboard */,
				3ED97C6727B5096900A49FE0 /* Info.plist */,
			);
			path = "Pokemon Demo";
			sourceTree = "<group>";
		};
		3ED97C6F27B5096900A49FE0 /* Pokemon DemoTests */ = {
			isa = PBXGroup;
			children = (
				3ED97C7027B5096900A49FE0 /* Pokemon_DemoTests.swift */,
			);
			path = "Pokemon DemoTests";
			sourceTree = "<group>";
		};
		3ED97C7927B5096900A49FE0 /* Pokemon DemoUITests */ = {
			isa = PBXGroup;
			children = (
				3ED97C7A27B5096900A49FE0 /* Pokemon_DemoUITests.swift */,
				3ED97C7C27B5096900A49FE0 /* Pokemon_DemoUITestsLaunchTests.swift */,
			);
			path = "Pokemon DemoUITests";
			sourceTree = "<group>";
		};
/* End PBXGroup section */

/* Begin PBXNativeTarget section */
		3ED97C5527B5096700A49FE0 /* Pokemon Demo */ = {
			isa = PBXNativeTarget;
			buildConfigurationList = 3ED97C8027B5096900A49FE0 /* Build configuration list for PBXNativeTarget "Pokemon Demo" */;
			buildPhases = (
				3ED97C5227B5096700A49FE0 /* Sources */,
				3ED97C5327B5096700A49FE0 /* Frameworks */,
				3ED97C5427B5096700A49FE0 /* Resources */,
			);
			buildRules = (
			);
			dependencies = (
			);
			name = "Pokemon Demo";
			productName = "Pokemon Demo";
			productReference = 3ED97C5627B5096700A49FE0 /* Pokemon Demo.app */;
			productType = "com.apple.product-type.application";
		};
		3ED97C6B27B5096900A49FE0 /* Pokemon DemoTests */ = {
			isa = PBXNativeTarget;
			buildConfigurationList = 3ED97C8327B5096900A49FE0 /* Build configuration list for PBXNativeTarget "Pokemon DemoTests" */;
			buildPhases = (
				3ED97C6827B5096900A49FE0 /* Sources */,
				3ED97C6927B5096900A49FE0 /* Frameworks */,
				3ED97C6A27B5096900A49FE0 /* Resources */,
			);
			buildRules = (
			);
			dependencies = (
				3ED97C6E27B5096900A49FE0 /* PBXTargetDependency */,
			);
			name = "Pokemon DemoTests";
			productName = "Pokemon DemoTests";
			productReference = 3ED97C6C27B5096900A49FE0 /* Pokemon DemoTests.xctest */;
			productType = "com.apple.product-type.bundle.unit-test";
		};
		3ED97C7527B5096900A49FE0 /* Pokemon DemoUITests */ = {
			isa = PBXNativeTarget;
			buildConfigurationList = 3ED97C8627B5096900A49FE0 /* Build configuration list for PBXNativeTarget "Pokemon DemoUITests" */;
			buildPhases = (
				3ED97C7227B5096900A49FE0 /* Sources */,
				3ED97C7327B5096900A49FE0 /* Frameworks */,
				3ED97C7427B5096900A49FE0 /* Resources */,
			);
			buildRules = (
			);
			dependencies = (
				3ED97C7827B5096900A49FE0 /* PBXTargetDependency */,
			);
			name = "Pokemon DemoUITests";
			productName = "Pokemon DemoUITests";
			productReference = 3ED97C7627B5096900A49FE0 /* Pokemon DemoUITests.xctest */;
			productType = "com.apple.product-type.bundle.ui-testing";
		};
/* End PBXNativeTarget section */

/* Begin PBXProject section */
		3ED97C4E27B5096700A49FE0 /* Project object */ = {
			isa = PBXProject;
			attributes = {
				BuildIndependentTargetsInParallel = 1;
				LastSwiftUpdateCheck = 1320;
				LastUpgradeCheck = 1320;
				TargetAttributes = {
					3ED97C5527B5096700A49FE0 = {
						CreatedOnToolsVersion = 13.2.1;
					};
					3ED97C6B27B5096900A49FE0 = {
						CreatedOnToolsVersion = 13.2.1;
						TestTargetID = 3ED97C5527B5096700A49FE0;
					};
					3ED97C7527B5096900A49FE0 = {
						CreatedOnToolsVersion = 13.2.1;
						TestTargetID = 3ED97C5527B5096700A49FE0;
					};
				};
			};
			buildConfigurationList = 3ED97C5127B5096700A49FE0 /* Build configuration list for PBXProject "Pokemon Demo" */;
			compatibilityVersion = "Xcode 13.0";
			developmentRegion = en;
			hasScannedForEncodings = 0;
			knownRegions = (
				en,
				Base,
			);
			mainGroup = 3ED97C4D27B5096700A49FE0;
			productRefGroup = 3ED97C5727B5096700A49FE0 /* Products */;
			projectDirPath = "";
			projectRoot = "";
			targets = (
				3ED97C5527B5096700A49FE0 /* Pokemon Demo */,
				3ED97C6B27B5096900A49FE0 /* Pokemon DemoTests */,
				3ED97C7527B5096900A49FE0 /* Pokemon DemoUITests */,
			);
		};
/* End PBXProject section */

/* Begin PBXResourcesBuildPhase section */
		3ED97C5427B5096700A49FE0 /* Resources */ = {
			isa = PBXResourcesBuildPhase;
			buildActionMask = 2147483647;
			files = (
				3ED97C6627B5096800A49FE0 /* LaunchScreen.storyboard in Resources */,
				3ED97C6327B5096800A49FE0 /* Assets.xcassets in Resources */,
				3ED97C6127B5096700A49FE0 /* Main.storyboard in Resources */,
			);
			runOnlyForDeploymentPostprocessing = 0;
		};
		3ED97C6A27B5096900A49FE0 /* Resources */ = {
			isa = PBXResourcesBuildPhase;
			buildActionMask = 2147483647;
			files = (
			);
			runOnlyForDeploymentPostprocessing = 0;
		};
		3ED97C7427B5096900A49FE0 /* Resources */ = {
			isa = PBXResourcesBuildPhase;
			buildActionMask = 2147483647;
			files = (
			);
			runOnlyForDeploymentPostprocessing = 0;
		};
/* End PBXResourcesBuildPhase section */

/* Begin PBXSourcesBuildPhase section */
		3ED97C5227B5096700A49FE0 /* Sources */ = {
			isa = PBXSourcesBuildPhase;
			buildActionMask = 2147483647;
			files = (
				3ED97C5E27B5096700A49FE0 /* ViewController.swift in Sources */,
				3ED97C5A27B5096700A49FE0 /* AppDelegate.swift in Sources */,
				3ED97C5C27B5096700A49FE0 /* SceneDelegate.swift in Sources */,
			);
			runOnlyForDeploymentPostprocessing = 0;
		};
		3ED97C6827B5096900A49FE0 /* Sources */ = {
			isa = PBXSourcesBuildPhase;
			buildActionMask = 2147483647;
			files = (
				3ED97C7127B5096900A49FE0 /* Pokemon_DemoTests.swift in Sources */,
			);
			runOnlyForDeploymentPostprocessing = 0;
		};
		3ED97C7227B5096900A49FE0 /* Sources */ = {
			isa = PBXSourcesBuildPhase;
			buildActionMask = 2147483647;
			files = (
				3ED97C7B27B5096900A49FE0 /* Pokemon_DemoUITests.swift in Sources */,
				3ED97C7D27B5096900A49FE0 /* Pokemon_DemoUITestsLaunchTests.swift in Sources */,
			);
			runOnlyForDeploymentPostprocessing = 0;
		};
/* End PBXSourcesBuildPhase section */

/* Begin PBXTargetDependency section */
		3ED97C6E27B5096900A49FE0 /* PBXTargetDependency */ = {
			isa = PBXTargetDependency;
			target = 3ED97C5527B5096700A49FE0 /* Pokemon Demo */;
			targetProxy = 3ED97C6D27B5096900A49FE0 /* PBXContainerItemProxy */;
		};
		3ED97C7827B5096900A49FE0 /* PBXTargetDependency */ = {
			isa = PBXTargetDependency;
			target = 3ED97C5527B5096700A49FE0 /* Pokemon Demo */;
			targetProxy = 3ED97C7727B5096900A49FE0 /* PBXContainerItemProxy */;
		};
/* End PBXTargetDependency section */

/* Begin PBXVariantGroup section */
		3ED97C5F27B5096700A49FE0 /* Main.storyboard */ = {
			isa = PBXVariantGroup;
			children = (
				3ED97C6027B5096700A49FE0 /* Base */,
			);
			name = Main.storyboard;
			sourceTree = "<group>";
		};
		3ED97C6427B5096800A49FE0 /* LaunchScreen.storyboard */ = {
			isa = PBXVariantGroup;
			children = (
				3ED97C6527B5096800A49FE0 /* Base */,
			);
			name = LaunchScreen.storyboard;
			sourceTree = "<group>";
		};
/* End PBXVariantGroup section */

/* Begin XCBuildConfiguration section */
		3ED97C7E27B5096900A49FE0 /* Debug */ = {
			isa = XCBuildConfiguration;
			buildSettings = {
				ALWAYS_SEARCH_USER_PATHS = NO;
				CLANG_ANALYZER_NONNULL = YES;
				CLANG_ANALYZER_NUMBER_OBJECT_CONVERSION = YES_AGGRESSIVE;
				CLANG_CXX_LANGUAGE_STANDARD = "gnu++17";
				CLANG_CXX_LIBRARY = "libc++";
				CLANG_ENABLE_MODULES = YES;
				CLANG_ENABLE_OBJC_ARC = YES;
				CLANG_ENABLE_OBJC_WEAK = YES;
				CLANG_WARN_BLOCK_CAPTURE_AUTORELEASING = YES;
				CLANG_WARN_BOOL_CONVERSION = YES;
				CLANG_WARN_COMMA = YES;
				CLANG_WARN_CONSTANT_CONVERSION = YES;
				CLANG_WARN_DEPRECATED_OBJC_IMPLEMENTATIONS = YES;
				CLANG_WARN_DIRECT_OBJC_ISA_USAGE = YES_ERROR;
				CLANG_WARN_DOCUMENTATION_COMMENTS = YES;
				CLANG_WARN_EMPTY_BODY = YES;
				CLANG_WARN_ENUM_CONVERSION = YES;
				CLANG_WARN_INFINITE_RECURSION = YES;
				CLANG_WARN_INT_CONVERSION = YES;
				CLANG_WARN_NON_LITERAL_NULL_CONVERSION = YES;
				CLANG_WARN_OBJC_IMPLICIT_RETAIN_SELF = YES;
				CLANG_WARN_OBJC_LITERAL_CONVERSION = YES;
				CLANG_WARN_OBJC_ROOT_CLASS = YES_ERROR;
				CLANG_WARN_QUOTED_INCLUDE_IN_FRAMEWORK_HEADER = YES;
				CLANG_WARN_RANGE_LOOP_ANALYSIS = YES;
				CLANG_WARN_STRICT_PROTOTYPES = YES;
				CLANG_WARN_SUSPICIOUS_MOVE = YES;
				CLANG_WARN_UNGUARDED_AVAILABILITY = YES_AGGRESSIVE;
				CLANG_WARN_UNREACHABLE_CODE = YES;
				CLANG_WARN__DUPLICATE_METHOD_MATCH = YES;
				COPY_PHASE_STRIP = NO;
				DEBUG_INFORMATION_FORMAT = dwarf;
				ENABLE_STRICT_OBJC_MSGSEND = YES;
				ENABLE_TESTABILITY = YES;
				GCC_C_LANGUAGE_STANDARD = gnu11;
				GCC_DYNAMIC_NO_PIC = NO;
				GCC_NO_COMMON_BLOCKS = YES;
				GCC_OPTIMIZATION_LEVEL = 0;
				GCC_PREPROCESSOR_DEFINITIONS = (
					"DEBUG=1",
					"$(inherited)",
				);
				GCC_WARN_64_TO_32_BIT_CONVERSION = YES;
				GCC_WARN_ABOUT_RETURN_TYPE = YES_ERROR;
				GCC_WARN_UNDECLARED_SELECTOR = YES;
				GCC_WARN_UNINITIALIZED_AUTOS = YES_AGGRESSIVE;
				GCC_WARN_UNUSED_FUNCTION = YES;
				GCC_WARN_UNUSED_VARIABLE = YES;
				IPHONEOS_DEPLOYMENT_TARGET = 15.2;
				MTL_ENABLE_DEBUG_INFO = INCLUDE_SOURCE;
				MTL_FAST_MATH = YES;
				ONLY_ACTIVE_ARCH = YES;
				SDKROOT = iphoneos;
				SWIFT_ACTIVE_COMPILATION_CONDITIONS = DEBUG;
				SWIFT_OPTIMIZATION_LEVEL = "-Onone";
			};
			name = Debug;
		};
		3ED97C7F27B5096900A49FE0 /* Release */ = {
			isa = XCBuildConfiguration;
			buildSettings = {
				ALWAYS_SEARCH_USER_PATHS = NO;
				CLANG_ANALYZER_NONNULL = YES;
				CLANG_ANALYZER_NUMBER_OBJECT_CONVERSION = YES_AGGRESSIVE;
				CLANG_CXX_LANGUAGE_STANDARD = "gnu++17";
				CLANG_CXX_LIBRARY = "libc++";
				CLANG_ENABLE_MODULES = YES;
				CLANG_ENABLE_OBJC_ARC = YES;
				CLANG_ENABLE_OBJC_WEAK = YES;
				CLANG_WARN_BLOCK_CAPTURE_AUTORELEASING = YES;
				CLANG_WARN_BOOL_CONVERSION = YES;
				CLANG_WARN_COMMA = YES;
				CLANG_WARN_CONSTANT_CONVERSION = YES;
				CLANG_WARN_DEPRECATED_OBJC_IMPLEMENTATIONS = YES;
				CLANG_WARN_DIRECT_OBJC_ISA_USAGE = YES_ERROR;
				CLANG_WARN_DOCUMENTATION_COMMENTS = YES;
				CLANG_WARN_EMPTY_BODY = YES;
				CLANG_WARN_ENUM_CONVERSION = YES;
				CLANG_WARN_INFINITE_RECURSION = YES;
				CLANG_WARN_INT_CONVERSION = YES;
				CLANG_WARN_NON_LITERAL_NULL_CONVERSION = YES;
				CLANG_WARN_OBJC_IMPLICIT_RETAIN_SELF = YES;
				CLANG_WARN_OBJC_LITERAL_CONVERSION = YES;
				CLANG_WARN_OBJC_ROOT_CLASS = YES_ERROR;
				CLANG_WARN_QUOTED_INCLUDE_IN_FRAMEWORK_HEADER = YES;
				CLANG_WARN_RANGE_LOOP_ANALYSIS = YES;
				CLANG_WARN_STRICT_PROTOTYPES = YES;
				CLANG_WARN_SUSPICIOUS_MOVE = YES;
				CLANG_WARN_UNGUARDED_AVAILABILITY = YES_AGGRESSIVE;
				CLANG_WARN_UNREACHABLE_CODE = YES;
				CLANG_WARN__DUPLICATE_METHOD_MATCH = YES;
				COPY_PHASE_STRIP = NO;
				DEBUG_INFORMATION_FORMAT = "dwarf-with-dsym";
				ENABLE_NS_ASSERTIONS = NO;
				ENABLE_STRICT_OBJC_MSGSEND = YES;
				GCC_C_LANGUAGE_STANDARD = gnu11;
				GCC_NO_COMMON_BLOCKS = YES;
				GCC_WARN_64_TO_32_BIT_CONVERSION = YES;
				GCC_WARN_ABOUT_RETURN_TYPE = YES_ERROR;
				GCC_WARN_UNDECLARED_SELECTOR = YES;
				GCC_WARN_UNINITIALIZED_AUTOS = YES_AGGRESSIVE;
				GCC_WARN_UNUSED_FUNCTION = YES;
				GCC_WARN_UNUSED_VARIABLE = YES;
				IPHONEOS_DEPLOYMENT_TARGET = 15.2;
				MTL_ENABLE_DEBUG_INFO = NO;
				MTL_FAST_MATH = YES;
				SDKROOT = iphoneos;
				SWIFT_COMPILATION_MODE = wholemodule;
				SWIFT_OPTIMIZATION_LEVEL = "-O";
				VALIDATE_PRODUCT = YES;
			};
			name = Release;
		};
		3ED97C8127B5096900A49FE0 /* Debug */ = {
			isa = XCBuildConfiguration;
			buildSettings = {
				ASSETCATALOG_COMPILER_APPICON_NAME = AppIcon;
				ASSETCATALOG_COMPILER_GLOBAL_ACCENT_COLOR_NAME = AccentColor;
				CODE_SIGN_STYLE = Automatic;
				CURRENT_PROJECT_VERSION = 1;
				DEVELOPMENT_TEAM = BFW29W59H3;
				GENERATE_INFOPLIST_FILE = YES;
				INFOPLIST_FILE = "Pokemon Demo/Info.plist";
				INFOPLIST_KEY_UIApplicationSupportsIndirectInputEvents = YES;
				INFOPLIST_KEY_UILaunchStoryboardName = LaunchScreen;
				INFOPLIST_KEY_UIMainStoryboardFile = Main;
				INFOPLIST_KEY_UISupportedInterfaceOrientations_iPad = "UIInterfaceOrientationPortrait UIInterfaceOrientationPortraitUpsideDown UIInterfaceOrientationLandscapeLeft UIInterfaceOrientationLandscapeRight";
				INFOPLIST_KEY_UISupportedInterfaceOrientations_iPhone = "UIInterfaceOrientationPortrait UIInterfaceOrientationLandscapeLeft UIInterfaceOrientationLandscapeRight";
				LD_RUNPATH_SEARCH_PATHS = (
					"$(inherited)",
					"@executable_path/Frameworks",
				);
				MARKETING_VERSION = 1.0;
				PRODUCT_BUNDLE_IDENTIFIER = "com.my.Pokemon-Demo";
				PRODUCT_NAME = "$(TARGET_NAME)";
				SWIFT_EMIT_LOC_STRINGS = YES;
				SWIFT_VERSION = 5.0;
				TARGETED_DEVICE_FAMILY = "1,2";
			};
			name = Debug;
		};
		3ED97C8227B5096900A49FE0 /* Release */ = {
			isa = XCBuildConfiguration;
			buildSettings = {
				ASSETCATALOG_COMPILER_APPICON_NAME = AppIcon;
				ASSETCATALOG_COMPILER_GLOBAL_ACCENT_COLOR_NAME = AccentColor;
				CODE_SIGN_STYLE = Automatic;
				CURRENT_PROJECT_VERSION = 1;
				DEVELOPMENT_TEAM = BFW29W59H3;
				GENERATE_INFOPLIST_FILE = YES;
				INFOPLIST_FILE = "Pokemon Demo/Info.plist";
				INFOPLIST_KEY_UIApplicationSupportsIndirectInputEvents = YES;
				INFOPLIST_KEY_UILaunchStoryboardName = LaunchScreen;
				INFOPLIST_KEY_UIMainStoryboardFile = Main;
				INFOPLIST_KEY_UISupportedInterfaceOrientations_iPad = "UIInterfaceOrientationPortrait UIInterfaceOrientationPortraitUpsideDown UIInterfaceOrientationLandscapeLeft UIInterfaceOrientationLandscapeRight";
				INFOPLIST_KEY_UISupportedInterfaceOrientations_iPhone = "UIInterfaceOrientationPortrait UIInterfaceOrientationLandscapeLeft UIInterfaceOrientationLandscapeRight";
				LD_RUNPATH_SEARCH_PATHS = (
					"$(inherited)",
					"@executable_path/Frameworks",
				);
				MARKETING_VERSION = 1.0;
				PRODUCT_BUNDLE_IDENTIFIER = "com.my.Pokemon-Demo";
				PRODUCT_NAME = "$(TARGET_NAME)";
				SWIFT_EMIT_LOC_STRINGS = YES;
				SWIFT_VERSION = 5.0;
				TARGETED_DEVICE_FAMILY = "1,2";
			};
			name = Release;
		};
		3ED97C8427B5096900A49FE0 /* Debug */ = {
			isa = XCBuildConfiguration;
			buildSettings = {
				ALWAYS_EMBED_SWIFT_STANDARD_LIBRARIES = YES;
				BUNDLE_LOADER = "$(TEST_HOST)";
				CODE_SIGN_STYLE = Automatic;
				CURRENT_PROJECT_VERSION = 1;
				DEVELOPMENT_TEAM = BFW29W59H3;
				GENERATE_INFOPLIST_FILE = YES;
				IPHONEOS_DEPLOYMENT_TARGET = 15.2;
				MARKETING_VERSION = 1.0;
				PRODUCT_BUNDLE_IDENTIFIER = "com.my.Pokemon-DemoTests";
				PRODUCT_NAME = "$(TARGET_NAME)";
				SWIFT_EMIT_LOC_STRINGS = NO;
				SWIFT_VERSION = 5.0;
				TARGETED_DEVICE_FAMILY = "1,2";
				TEST_HOST = "$(BUILT_PRODUCTS_DIR)/Pokemon Demo.app/Pokemon Demo";
			};
			name = Debug;
		};
		3ED97C8527B5096900A49FE0 /* Release */ = {
			isa = XCBuildConfiguration;
			buildSettings = {
				ALWAYS_EMBED_SWIFT_STANDARD_LIBRARIES = YES;
				BUNDLE_LOADER = "$(TEST_HOST)";
				CODE_SIGN_STYLE = Automatic;
				CURRENT_PROJECT_VERSION = 1;
				DEVELOPMENT_TEAM = BFW29W59H3;
				GENERATE_INFOPLIST_FILE = YES;
				IPHONEOS_DEPLOYMENT_TARGET = 15.2;
				MARKETING_VERSION = 1.0;
				PRODUCT_BUNDLE_IDENTIFIER = "com.my.Pokemon-DemoTests";
				PRODUCT_NAME = "$(TARGET_NAME)";
				SWIFT_EMIT_LOC_STRINGS = NO;
				SWIFT_VERSION = 5.0;
				TARGETED_DEVICE_FAMILY = "1,2";
				TEST_HOST = "$(BUILT_PRODUCTS_DIR)/Pokemon Demo.app/Pokemon Demo";
			};
			name = Release;
		};
		3ED97C8727B5096900A49FE0 /* Debug */ = {
			isa = XCBuildConfiguration;
			buildSettings = {
				ALWAYS_EMBED_SWIFT_STANDARD_LIBRARIES = YES;
				CODE_SIGN_STYLE = Automatic;
				CURRENT_PROJECT_VERSION = 1;
				DEVELOPMENT_TEAM = BFW29W59H3;
				GENERATE_INFOPLIST_FILE = YES;
				MARKETING_VERSION = 1.0;
				PRODUCT_BUNDLE_IDENTIFIER = "com.my.Pokemon-DemoUITests";
				PRODUCT_NAME = "$(TARGET_NAME)";
				SWIFT_EMIT_LOC_STRINGS = NO;
				SWIFT_VERSION = 5.0;
				TARGETED_DEVICE_FAMILY = "1,2";
				TEST_TARGET_NAME = "Pokemon Demo";
			};
			name = Debug;
		};
		3ED97C8827B5096900A49FE0 /* Release */ = {
			isa = XCBuildConfiguration;
			buildSettings = {
				ALWAYS_EMBED_SWIFT_STANDARD_LIBRARIES = YES;
				CODE_SIGN_STYLE = Automatic;
				CURRENT_PROJECT_VERSION = 1;
				DEVELOPMENT_TEAM = BFW29W59H3;
				GENERATE_INFOPLIST_FILE = YES;
				MARKETING_VERSION = 1.0;
				PRODUCT_BUNDLE_IDENTIFIER = "com.my.Pokemon-DemoUITests";
				PRODUCT_NAME = "$(TARGET_NAME)";
				SWIFT_EMIT_LOC_STRINGS = NO;
				SWIFT_VERSION = 5.0;
				TARGETED_DEVICE_FAMILY = "1,2";
				TEST_TARGET_NAME = "Pokemon Demo";
			};
			name = Release;
		};
/* End XCBuildConfiguration section */

/* Begin XCConfigurationList section */
		3ED97C5127B5096700A49FE0 /* Build configuration list for PBXProject "Pokemon Demo" */ = {
			isa = XCConfigurationList;
			buildConfigurations = (
				3ED97C7E27B5096900A49FE0 /* Debug */,
				3ED97C7F27B5096900A49FE0 /* Release */,
			);
			defaultConfigurationIsVisible = 0;
			defaultConfigurationName = Release;
		};
		3ED97C8027B5096900A49FE0 /* Build configuration list for PBXNativeTarget "Pokemon Demo" */ = {
			isa = XCConfigurationList;
			buildConfigurations = (
				3ED97C8127B5096900A49FE0 /* Debug */,
				3ED97C8227B5096900A49FE0 /* Release */,
			);
			defaultConfigurationIsVisible = 0;
			defaultConfigurationName = Release;
		};
		3ED97C8327B5096900A49FE0 /* Build configuration list for PBXNativeTarget "Pokemon DemoTests" */ = {
			isa = XCConfigurationList;
			buildConfigurations = (
				3ED97C8427B5096900A49FE0 /* Debug */,
				3ED97C8527B5096900A49FE0 /* Release */,
			);
			defaultConfigurationIsVisible = 0;
			defaultConfigurationName = Release;
		};
		3ED97C8627B5096900A49FE0 /* Build configuration list for PBXNativeTarget "Pokemon DemoUITests" */ = {
			isa = XCConfigurationList;
			buildConfigurations = (
				3ED97C8727B5096900A49FE0 /* Debug */,
				3ED97C8827B5096900A49FE0 /* Release */,
			);
			defaultConfigurationIsVisible = 0;
			defaultConfigurationName = Release;
		};
/* End XCConfigurationList section */
	};
	rootObject = 3ED97C4E27B5096700A49FE0 /* Project object */;
}
